
Microsoft Visual Studio Solution File, Format Version 12.00
# Visual Studio Version 16
VisualStudioVersion = 16.0.31321.278
MinimumVisualStudioVersion = 10.0.40219.1
Project("{FAE04EC0-301F-11D3-BF4B-00C04F79EFBC}") = "GabestoreParse", "GabestoreParse\GabestoreParse.csproj", "{C976A09D-EE95-43C6-9170-F72A376E1E4F}"
EndProject
Global
	GlobalSection(SolutionConfigurationPlatforms) = preSolution
		Debug|Any CPU = Debug|Any CPU
		Release|Any CPU = Release|Any CPU
	EndGlobalSection
	GlobalSection(ProjectConfigurationPlatforms) = postSolution
		{C976A09D-EE95-43C6-9170-F72A376E1E4F}.Debug|Any CPU.ActiveCfg = Debug|Any CPU
		{C976A09D-EE95-43C6-9170-F72A376E1E4F}.Debug|Any CPU.Build.0 = Debug|Any CPU
		{C976A09D-EE95-43C6-9170-F72A376E1E4F}.Release|Any CPU.ActiveCfg = Release|Any CPU
		{C976A09D-EE95-43C6-9170-F72A376E1E4F}.Release|Any CPU.Build.0 = Release|Any CPU
	EndGlobalSection
	GlobalSection(SolutionProperties) = preSolution
		HideSolutionNode = FALSE
	EndGlobalSection
	GlobalSection(ExtensibilityGlobals) = postSolution
		SolutionGuid = {6E2767FE-53CE-477F-BE5E-AA0F5E182E6E}
	EndGlobalSection
EndGlobal
